
Microsoft Visual Studio Solution File, Format Version 12.00
Project("{FAE04EC0-301F-11D3-BF4B-00C04F79EFBC}") = "LittleScheme", "LittleScheme\LittleScheme.csproj", "{3F1093EB-28AE-4F59-BC89-18C1F100C910}"
EndProject
Project("{FAE04EC0-301F-11D3-BF4B-00C04F79EFBC}") = "LittleScheme.Tests", "LittleScheme.Tests\LittleScheme.Tests.csproj", "{71C80F2D-1EA1-437D-BB0A-EAED3F7ED789}"
EndProject
Global
	GlobalSection(SolutionConfigurationPlatforms) = preSolution
		Debug|Any CPU = Debug|Any CPU
		Release|Any CPU = Release|Any CPU
	EndGlobalSection
	GlobalSection(ProjectConfigurationPlatforms) = postSolution
		{3F1093EB-28AE-4F59-BC89-18C1F100C910}.Debug|Any CPU.ActiveCfg = Debug|Any CPU
		{3F1093EB-28AE-4F59-BC89-18C1F100C910}.Debug|Any CPU.Build.0 = Debug|Any CPU
		{3F1093EB-28AE-4F59-BC89-18C1F100C910}.Release|Any CPU.ActiveCfg = Release|Any CPU
		{3F1093EB-28AE-4F59-BC89-18C1F100C910}.Release|Any CPU.Build.0 = Release|Any CPU
		{71C80F2D-1EA1-437D-BB0A-EAED3F7ED789}.Debug|Any CPU.ActiveCfg = Debug|Any CPU
		{71C80F2D-1EA1-437D-BB0A-EAED3F7ED789}.Debug|Any CPU.Build.0 = Debug|Any CPU
		{71C80F2D-1EA1-437D-BB0A-EAED3F7ED789}.Release|Any CPU.ActiveCfg = Release|Any CPU
		{71C80F2D-1EA1-437D-BB0A-EAED3F7ED789}.Release|Any CPU.Build.0 = Release|Any CPU
	EndGlobalSection
EndGlobal
